
Microsoft Visual Studio Solution File, Format Version 12.00
# Visual Studio Version 17
VisualStudioVersion = 17.14.36908.2 d17.14
MinimumVisualStudioVersion = 10.0.40219.1
Project("{FAE04EC0-301F-11D3-BF4B-00C04F79EFBC}") = "BankManagement", "BankManagement\BankManagement.csproj", "{867F7920-B7BE-477C-9CC4-70D947C589EE}"
EndProject
Global
	GlobalSection(SolutionConfigurationPlatforms) = preSolution
		Debug|Any CPU = Debug|Any CPU
		Release|Any CPU = Release|Any CPU
	EndGlobalSection
	GlobalSection(ProjectConfigurationPlatforms) = postSolution
		{867F7920-B7BE-477C-9CC4-70D947C589EE}.Debug|Any CPU.ActiveCfg = Debug|Any CPU
		{867F7920-B7BE-477C-9CC4-70D947C589EE}.Debug|Any CPU.Build.0 = Debug|Any CPU
		{867F7920-B7BE-477C-9CC4-70D947C589EE}.Release|Any CPU.ActiveCfg = Release|Any CPU
		{867F7920-B7BE-477C-9CC4-70D947C589EE}.Release|Any CPU.Build.0 = Release|Any CPU
	EndGlobalSection
	GlobalSection(SolutionProperties) = preSolution
		HideSolutionNode = FALSE
	EndGlobalSection
	GlobalSection(ExtensibilityGlobals) = postSolution
		SolutionGuid = {A3EB72AA-6DB9-4EB2-AD60-D6DAD472DC89}
	EndGlobalSection
EndGlobal
